
Microsoft Visual Studio Solution File, Format Version 12.00
# Visual Studio Version 16
VisualStudioVersion = 16.0.30907.101
MinimumVisualStudioVersion = 10.0.40219.1
Project("{2150E333-8FDC-42A3-9474-1A3956D46DE8}") = "src", "src", "{8291C819-B807-4D5B-9889-C8C6CFFCBFFD}"
EndProject
Project("{FAE04EC0-301F-11D3-BF4B-00C04F79EFBC}") = "Api", "Api\Api.csproj", "{0621894C-C81C-4226-A252-0377B5C63757}"
EndProject
Project("{FAE04EC0-301F-11D3-BF4B-00C04F79EFBC}") = "Domain", "Domain\Domain.csproj", "{AA9CF30A-EC5D-448D-B4E9-18F98A5318F9}"
EndProject
Project("{FAE04EC0-301F-11D3-BF4B-00C04F79EFBC}") = "Infrastructure", "Infrastructure\Infrastructure.csproj", "{81EC233C-6B9F-4836-BBC2-2EC46ED06BF9}"
EndProject
Project("{FAE04EC0-301F-11D3-BF4B-00C04F79EFBC}") = "Application", "Application\Application.csproj", "{3D612CCC-C5AC-4E29-A028-1D335A0551D2}"
EndProject
Global
	GlobalSection(SolutionConfigurationPlatforms) = preSolution
		Debug|Any CPU = Debug|Any CPU
		Release|Any CPU = Release|Any CPU
	EndGlobalSection
	GlobalSection(ProjectConfigurationPlatforms) = postSolution
		{0621894C-C81C-4226-A252-0377B5C63757}.Debug|Any CPU.ActiveCfg = Debug|Any CPU
		{0621894C-C81C-4226-A252-0377B5C63757}.Debug|Any CPU.Build.0 = Debug|Any CPU
		{0621894C-C81C-4226-A252-0377B5C63757}.Release|Any CPU.ActiveCfg = Release|Any CPU
		{0621894C-C81C-4226-A252-0377B5C63757}.Release|Any CPU.Build.0 = Release|Any CPU
		{AA9CF30A-EC5D-448D-B4E9-18F98A5318F9}.Debug|Any CPU.ActiveCfg = Debug|Any CPU
		{AA9CF30A-EC5D-448D-B4E9-18F98A5318F9}.Debug|Any CPU.Build.0 = Debug|Any CPU
		{AA9CF30A-EC5D-448D-B4E9-18F98A5318F9}.Release|Any CPU.ActiveCfg = Release|Any CPU
		{AA9CF30A-EC5D-448D-B4E9-18F98A5318F9}.Release|Any CPU.Build.0 = Release|Any CPU
		{81EC233C-6B9F-4836-BBC2-2EC46ED06BF9}.Debug|Any CPU.ActiveCfg = Debug|Any CPU
		{81EC233C-6B9F-4836-BBC2-2EC46ED06BF9}.Debug|Any CPU.Build.0 = Debug|Any CPU
		{81EC233C-6B9F-4836-BBC2-2EC46ED06BF9}.Release|Any CPU.ActiveCfg = Release|Any CPU
		{81EC233C-6B9F-4836-BBC2-2EC46ED06BF9}.Release|Any CPU.Build.0 = Release|Any CPU
		{3D612CCC-C5AC-4E29-A028-1D335A0551D2}.Debug|Any CPU.ActiveCfg = Debug|Any CPU
		{3D612CCC-C5AC-4E29-A028-1D335A0551D2}.Debug|Any CPU.Build.0 = Debug|Any CPU
		{3D612CCC-C5AC-4E29-A028-1D335A0551D2}.Release|Any CPU.ActiveCfg = Release|Any CPU
		{3D612CCC-C5AC-4E29-A028-1D335A0551D2}.Release|Any CPU.Build.0 = Release|Any CPU
	EndGlobalSection
	GlobalSection(SolutionProperties) = preSolution
		HideSolutionNode = FALSE
	EndGlobalSection
	GlobalSection(NestedProjects) = preSolution
		{0621894C-C81C-4226-A252-0377B5C63757} = {8291C819-B807-4D5B-9889-C8C6CFFCBFFD}
		{AA9CF30A-EC5D-448D-B4E9-18F98A5318F9} = {8291C819-B807-4D5B-9889-C8C6CFFCBFFD}
		{81EC233C-6B9F-4836-BBC2-2EC46ED06BF9} = {8291C819-B807-4D5B-9889-C8C6CFFCBFFD}
		{3D612CCC-C5AC-4E29-A028-1D335A0551D2} = {8291C819-B807-4D5B-9889-C8C6CFFCBFFD}
	EndGlobalSection
	GlobalSection(ExtensibilityGlobals) = postSolution
		SolutionGuid = {2FEC3E2D-46F9-4645-8DBB-26D101A01E34}
	EndGlobalSection
EndGlobal
